
Microsoft Visual Studio Solution File, Format Version 12.00
# Visual Studio Version 17
VisualStudioVersion = 17.5.33424.131
MinimumVisualStudioVersion = 10.0.40219.1
Project("{FAE04EC0-301F-11D3-BF4B-00C04F79EFBC}") = "SematicKernel-dotnet", "SematicKernel-dotnet\SematicKernel-dotnet.csproj", "{26A64151-15FE-4A79-8F7F-1F300C1646F9}"
EndProject
Project("{2150E333-8FDC-42A3-9474-1A3956D46DE8}") = "notebooks", "notebooks", "{1ECAF27F-F854-45BB-A2C2-0C649C151208}"
EndProject
Project("{2150E333-8FDC-42A3-9474-1A3956D46DE8}") = "config", "config", "{A5CDEE1B-7B91-4BE7-AC2D-EC4043944AC9}"
	ProjectSection(SolutionItems) = preProject
		notebooks\config\settings.json = notebooks\config\settings.json
	EndProjectSection
EndProject
Global
	GlobalSection(SolutionConfigurationPlatforms) = preSolution
		Debug|Any CPU = Debug|Any CPU
		Release|Any CPU = Release|Any CPU
	EndGlobalSection
	GlobalSection(ProjectConfigurationPlatforms) = postSolution
		{26A64151-15FE-4A79-8F7F-1F300C1646F9}.Debug|Any CPU.ActiveCfg = Debug|Any CPU
		{26A64151-15FE-4A79-8F7F-1F300C1646F9}.Debug|Any CPU.Build.0 = Debug|Any CPU
		{26A64151-15FE-4A79-8F7F-1F300C1646F9}.Release|Any CPU.ActiveCfg = Release|Any CPU
		{26A64151-15FE-4A79-8F7F-1F300C1646F9}.Release|Any CPU.Build.0 = Release|Any CPU
	EndGlobalSection
	GlobalSection(SolutionProperties) = preSolution
		HideSolutionNode = FALSE
	EndGlobalSection
	GlobalSection(NestedProjects) = preSolution
		{A5CDEE1B-7B91-4BE7-AC2D-EC4043944AC9} = {1ECAF27F-F854-45BB-A2C2-0C649C151208}
	EndGlobalSection
	GlobalSection(ExtensibilityGlobals) = postSolution
		SolutionGuid = {0CBB9744-3D58-4881-9B52-178FE4CD63D7}
	EndGlobalSection
EndGlobal
